
Microsoft Visual Studio Solution File, Format Version 12.00
# Visual Studio 2012
Project("{FAE04EC0-301F-11D3-BF4B-00C04F79EFBC}") = "Tatouer", "Tatouer\Tatouer.csproj", "{6AAE2A78-A203-4F0C-9637-42EB5DDAF044}"
EndProject
Global
	GlobalSection(SolutionConfigurationPlatforms) = preSolution
		Debug|Any CPU = Debug|Any CPU
		Release|Any CPU = Release|Any CPU
	EndGlobalSection
	GlobalSection(ProjectConfigurationPlatforms) = postSolution
		{6AAE2A78-A203-4F0C-9637-42EB5DDAF044}.Debug|Any CPU.ActiveCfg = Debug|Any CPU
		{6AAE2A78-A203-4F0C-9637-42EB5DDAF044}.Debug|Any CPU.Build.0 = Debug|Any CPU
		{6AAE2A78-A203-4F0C-9637-42EB5DDAF044}.Release|Any CPU.ActiveCfg = Release|Any CPU
		{6AAE2A78-A203-4F0C-9637-42EB5DDAF044}.Release|Any CPU.Build.0 = Release|Any CPU
	EndGlobalSection
	GlobalSection(SolutionProperties) = preSolution
		HideSolutionNode = FALSE
	EndGlobalSection
EndGlobal
